
Microsoft Visual Studio Solution File, Format Version 12.00
# Visual Studio 2012
Project("{FAE04EC0-301F-11D3-BF4B-00C04F79EFBC}") = "roman-numerals-csharp", "roman-numerals-csharp\roman-numerals-csharp.csproj", "{9AB05859-DE23-4808-8479-EB8DA0F2F102}"
EndProject
Project("{FAE04EC0-301F-11D3-BF4B-00C04F79EFBC}") = "UnitTests", "UnitTests\UnitTests.csproj", "{FCE142A2-F824-4BDB-A4FE-3E9892CBB503}"
EndProject
Global
	GlobalSection(SolutionConfigurationPlatforms) = preSolution
		Debug|x86 = Debug|x86
		Release|x86 = Release|x86
	EndGlobalSection
	GlobalSection(ProjectConfigurationPlatforms) = postSolution
		{9AB05859-DE23-4808-8479-EB8DA0F2F102}.Debug|x86.ActiveCfg = Debug|x86
		{9AB05859-DE23-4808-8479-EB8DA0F2F102}.Debug|x86.Build.0 = Debug|x86
		{9AB05859-DE23-4808-8479-EB8DA0F2F102}.Release|x86.ActiveCfg = Release|x86
		{9AB05859-DE23-4808-8479-EB8DA0F2F102}.Release|x86.Build.0 = Release|x86
		{FCE142A2-F824-4BDB-A4FE-3E9892CBB503}.Debug|x86.ActiveCfg = Debug|Any CPU
		{FCE142A2-F824-4BDB-A4FE-3E9892CBB503}.Debug|x86.Build.0 = Debug|Any CPU
		{FCE142A2-F824-4BDB-A4FE-3E9892CBB503}.Release|x86.ActiveCfg = Release|Any CPU
		{FCE142A2-F824-4BDB-A4FE-3E9892CBB503}.Release|x86.Build.0 = Release|Any CPU
	EndGlobalSection
	GlobalSection(MonoDevelopProperties) = preSolution
		StartupItem = roman-numerals-csharp\roman-numerals-csharp.csproj
	EndGlobalSection
EndGlobal
